
Microsoft Visual Studio Solution File, Format Version 12.00
# Visual Studio Version 17
VisualStudioVersion = 17.9.34728.123
MinimumVisualStudioVersion = 10.0.40219.1
Project("{2150E333-8FDC-42A3-9474-1A3956D46DE8}") = "Presentation", "Presentation", "{02EA681E-C7D8-13C7-8484-4AC65E1B71E8}"
EndProject
Project("{2150E333-8FDC-42A3-9474-1A3956D46DE8}") = "Shared", "Shared", "{00095071-13EE-4D82-81DB-6936DEC5C500}"
EndProject
Project("{FAE04EC0-301F-11D3-BF4B-00C04F79EFBC}") = "GNT.Domain", "Shared\GNT.Domain\GNT.Domain.csproj", "{B0B7E679-1B92-4D1C-857F-7F3DBA61AC31}"
EndProject
Project("{FAE04EC0-301F-11D3-BF4B-00C04F79EFBC}") = "GNT.Shared", "Shared\GNT.Dtos\GNT.Shared.csproj", "{E0B041A3-1493-4B44-8F85-98828E9BED53}"
EndProject
Project("{FAE04EC0-301F-11D3-BF4B-00C04F79EFBC}") = "GNT.Common", "Shared\GNT.Common\GNT.Common.csproj", "{2FF76F23-9E9E-4665-BCD2-7189FB21CE0B}"
EndProject
Project("{FAE04EC0-301F-11D3-BF4B-00C04F79EFBC}") = "GNT.Infrastructure", "Shared\GNT.Infrastructure\GNT.Infrastructure.csproj", "{41BB18B6-0B71-488D-8DFB-740892079DC3}"
EndProject
Project("{FAE04EC0-301F-11D3-BF4B-00C04F79EFBC}") = "GNT.ExceptionHandling", "Shared\GNT.ExceptionHandling\GNT.ExceptionHandling.csproj", "{861354EF-CEDA-4039-BAA2-91287CA0BCCE}"
EndProject
Project("{FAE04EC0-301F-11D3-BF4B-00C04F79EFBC}") = "GNT.Common.Client", "Shared\GNT.Common.Client\GNT.Common.Client.csproj", "{21FEE7B2-AFBE-4A8A-A6EC-CD7B1C97ABD9}"
EndProject
Project("{FAE04EC0-301F-11D3-BF4B-00C04F79EFBC}") = "GNT.Application", "Shared\GNT.Application\GNT.Application.csproj", "{2E2B0B01-99EF-48AE-89BF-D60A237610DB}"
EndProject
Project("{FAE04EC0-301F-11D3-BF4B-00C04F79EFBC}") = "GNT.Web.Client", "Presentation\GNT.Web.Client\GNT.Web.Client.csproj", "{15CF971D-FA9C-41B0-B8DC-DE680BE5056D}"
EndProject
Project("{FAE04EC0-301F-11D3-BF4B-00C04F79EFBC}") = "GNT.Web.Server", "Presentation\GNT.Web.Server\GNT.Web.Server.csproj", "{A1A9F32C-CDDA-4F94-B7DA-7A0D1A7E55C8}"
EndProject
Project("{FAE04EC0-301F-11D3-BF4B-00C04F79EFBC}") = "GNT.Mobile", "Presentation\GNT.Mobile\GNT.Mobile.csproj", "{2AB0E3C2-54B9-4980-A48A-BB2018ED0D39}"
EndProject
Global
	GlobalSection(SolutionConfigurationPlatforms) = preSolution
		Debug|Any CPU = Debug|Any CPU
		Release|Any CPU = Release|Any CPU
	EndGlobalSection
	GlobalSection(ProjectConfigurationPlatforms) = postSolution
		{B0B7E679-1B92-4D1C-857F-7F3DBA61AC31}.Debug|Any CPU.ActiveCfg = Debug|Any CPU
		{B0B7E679-1B92-4D1C-857F-7F3DBA61AC31}.Debug|Any CPU.Build.0 = Debug|Any CPU
		{B0B7E679-1B92-4D1C-857F-7F3DBA61AC31}.Release|Any CPU.ActiveCfg = Release|Any CPU
		{B0B7E679-1B92-4D1C-857F-7F3DBA61AC31}.Release|Any CPU.Build.0 = Release|Any CPU
		{E0B041A3-1493-4B44-8F85-98828E9BED53}.Debug|Any CPU.ActiveCfg = Debug|Any CPU
		{E0B041A3-1493-4B44-8F85-98828E9BED53}.Debug|Any CPU.Build.0 = Debug|Any CPU
		{E0B041A3-1493-4B44-8F85-98828E9BED53}.Release|Any CPU.ActiveCfg = Release|Any CPU
		{E0B041A3-1493-4B44-8F85-98828E9BED53}.Release|Any CPU.Build.0 = Release|Any CPU
		{2FF76F23-9E9E-4665-BCD2-7189FB21CE0B}.Debug|Any CPU.ActiveCfg = Debug|Any CPU
		{2FF76F23-9E9E-4665-BCD2-7189FB21CE0B}.Debug|Any CPU.Build.0 = Debug|Any CPU
		{2FF76F23-9E9E-4665-BCD2-7189FB21CE0B}.Release|Any CPU.ActiveCfg = Release|Any CPU
		{2FF76F23-9E9E-4665-BCD2-7189FB21CE0B}.Release|Any CPU.Build.0 = Release|Any CPU
		{41BB18B6-0B71-488D-8DFB-740892079DC3}.Debug|Any CPU.ActiveCfg = Debug|Any CPU
		{41BB18B6-0B71-488D-8DFB-740892079DC3}.Debug|Any CPU.Build.0 = Debug|Any CPU
		{41BB18B6-0B71-488D-8DFB-740892079DC3}.Release|Any CPU.ActiveCfg = Release|Any CPU
		{41BB18B6-0B71-488D-8DFB-740892079DC3}.Release|Any CPU.Build.0 = Release|Any CPU
		{861354EF-CEDA-4039-BAA2-91287CA0BCCE}.Debug|Any CPU.ActiveCfg = Debug|Any CPU
		{861354EF-CEDA-4039-BAA2-91287CA0BCCE}.Debug|Any CPU.Build.0 = Debug|Any CPU
		{861354EF-CEDA-4039-BAA2-91287CA0BCCE}.Release|Any CPU.ActiveCfg = Release|Any CPU
		{861354EF-CEDA-4039-BAA2-91287CA0BCCE}.Release|Any CPU.Build.0 = Release|Any CPU
		{21FEE7B2-AFBE-4A8A-A6EC-CD7B1C97ABD9}.Debug|Any CPU.ActiveCfg = Debug|Any CPU
		{21FEE7B2-AFBE-4A8A-A6EC-CD7B1C97ABD9}.Debug|Any CPU.Build.0 = Debug|Any CPU
		{21FEE7B2-AFBE-4A8A-A6EC-CD7B1C97ABD9}.Release|Any CPU.ActiveCfg = Release|Any CPU
		{21FEE7B2-AFBE-4A8A-A6EC-CD7B1C97ABD9}.Release|Any CPU.Build.0 = Release|Any CPU
		{2E2B0B01-99EF-48AE-89BF-D60A237610DB}.Debug|Any CPU.ActiveCfg = Debug|Any CPU
		{2E2B0B01-99EF-48AE-89BF-D60A237610DB}.Debug|Any CPU.Build.0 = Debug|Any CPU
		{2E2B0B01-99EF-48AE-89BF-D60A237610DB}.Release|Any CPU.ActiveCfg = Release|Any CPU
		{2E2B0B01-99EF-48AE-89BF-D60A237610DB}.Release|Any CPU.Build.0 = Release|Any CPU
		{15CF971D-FA9C-41B0-B8DC-DE680BE5056D}.Debug|Any CPU.ActiveCfg = Debug|Any CPU
		{15CF971D-FA9C-41B0-B8DC-DE680BE5056D}.Debug|Any CPU.Build.0 = Debug|Any CPU
		{15CF971D-FA9C-41B0-B8DC-DE680BE5056D}.Release|Any CPU.ActiveCfg = Release|Any CPU
		{15CF971D-FA9C-41B0-B8DC-DE680BE5056D}.Release|Any CPU.Build.0 = Release|Any CPU
		{A1A9F32C-CDDA-4F94-B7DA-7A0D1A7E55C8}.Debug|Any CPU.ActiveCfg = Debug|Any CPU
		{A1A9F32C-CDDA-4F94-B7DA-7A0D1A7E55C8}.Debug|Any CPU.Build.0 = Debug|Any CPU
		{A1A9F32C-CDDA-4F94-B7DA-7A0D1A7E55C8}.Release|Any CPU.ActiveCfg = Release|Any CPU
		{A1A9F32C-CDDA-4F94-B7DA-7A0D1A7E55C8}.Release|Any CPU.Build.0 = Release|Any CPU
		{2AB0E3C2-54B9-4980-A48A-BB2018ED0D39}.Debug|Any CPU.ActiveCfg = Debug|Any CPU
		{2AB0E3C2-54B9-4980-A48A-BB2018ED0D39}.Debug|Any CPU.Build.0 = Debug|Any CPU
		{2AB0E3C2-54B9-4980-A48A-BB2018ED0D39}.Debug|Any CPU.Deploy.0 = Debug|Any CPU
		{2AB0E3C2-54B9-4980-A48A-BB2018ED0D39}.Release|Any CPU.ActiveCfg = Release|Any CPU
		{2AB0E3C2-54B9-4980-A48A-BB2018ED0D39}.Release|Any CPU.Build.0 = Release|Any CPU
	EndGlobalSection
	GlobalSection(SolutionProperties) = preSolution
		HideSolutionNode = FALSE
	EndGlobalSection
	GlobalSection(NestedProjects) = preSolution
		{B0B7E679-1B92-4D1C-857F-7F3DBA61AC31} = {00095071-13EE-4D82-81DB-6936DEC5C500}
		{E0B041A3-1493-4B44-8F85-98828E9BED53} = {00095071-13EE-4D82-81DB-6936DEC5C500}
		{2FF76F23-9E9E-4665-BCD2-7189FB21CE0B} = {00095071-13EE-4D82-81DB-6936DEC5C500}
		{41BB18B6-0B71-488D-8DFB-740892079DC3} = {00095071-13EE-4D82-81DB-6936DEC5C500}
		{861354EF-CEDA-4039-BAA2-91287CA0BCCE} = {00095071-13EE-4D82-81DB-6936DEC5C500}
		{21FEE7B2-AFBE-4A8A-A6EC-CD7B1C97ABD9} = {00095071-13EE-4D82-81DB-6936DEC5C500}
		{2E2B0B01-99EF-48AE-89BF-D60A237610DB} = {00095071-13EE-4D82-81DB-6936DEC5C500}
		{15CF971D-FA9C-41B0-B8DC-DE680BE5056D} = {02EA681E-C7D8-13C7-8484-4AC65E1B71E8}
		{A1A9F32C-CDDA-4F94-B7DA-7A0D1A7E55C8} = {02EA681E-C7D8-13C7-8484-4AC65E1B71E8}
		{2AB0E3C2-54B9-4980-A48A-BB2018ED0D39} = {02EA681E-C7D8-13C7-8484-4AC65E1B71E8}
	EndGlobalSection
	GlobalSection(ExtensibilityGlobals) = postSolution
		SolutionGuid = {C7984907-5AEB-4A52-8246-68FB09419DBB}
	EndGlobalSection
EndGlobal
